
Microsoft Visual Studio Solution File, Format Version 12.00
# Visual Studio Version 16
VisualStudioVersion = 16.0.29123.88
MinimumVisualStudioVersion = 10.0.40219.1
Project("{9A19103F-16F7-4668-BE54-9A1E7A4F7556}") = "CommonProblems", "CommonProblems\CommonProblems.csproj", "{7ADB0492-163C-4480-9482-E70B8AD30CC0}"
EndProject
Project("{9A19103F-16F7-4668-BE54-9A1E7A4F7556}") = "Problem001", "1-100\1-10\Problem001\Problem001.csproj", "{DA4646D4-CB8F-4ADB-8A3A-CC0D304EFD38}"
EndProject
Project("{2150E333-8FDC-42A3-9474-1A3956D46DE8}") = "1-100", "1-100", "{BE172680-C4A3-4B29-B0CA-1B2D26E55BD4}"
EndProject
Project("{2150E333-8FDC-42A3-9474-1A3956D46DE8}") = "1-10", "1-10", "{7D53EB9D-8768-4F6B-9844-9312040D6EE7}"
EndProject
Project("{9A19103F-16F7-4668-BE54-9A1E7A4F7556}") = "Problem002", "1-100\1-10\Problem002\Problem002.csproj", "{19BC7870-CFAB-4159-949F-F01F512CD7B8}"
EndProject
Project("{9A19103F-16F7-4668-BE54-9A1E7A4F7556}") = "Problem003", "1-100\1-10\Problem003\Problem003.csproj", "{2B229E7A-F424-42ED-9936-801563F735BA}"
EndProject
Project("{9A19103F-16F7-4668-BE54-9A1E7A4F7556}") = "Problem004", "1-100\1-10\Problem004\Problem004.csproj", "{109F1603-35F7-4FBF-98CE-5E9902FF5C2C}"
EndProject
Project("{9A19103F-16F7-4668-BE54-9A1E7A4F7556}") = "Problem005", "1-100\1-10\Problem005\Problem005.csproj", "{83B469D6-4A7A-4127-8233-C90B112D5DA3}"
EndProject
Project("{9A19103F-16F7-4668-BE54-9A1E7A4F7556}") = "Problem006", "1-100\1-10\Problem006\Problem006.csproj", "{90D9FEBC-6400-45D5-93AE-AEC516FBA10C}"
EndProject
Project("{9A19103F-16F7-4668-BE54-9A1E7A4F7556}") = "Problem007", "1-100\1-10\Problem007\Problem007.csproj", "{E92F344D-FA2E-42E9-8022-79B7531CC78E}"
EndProject
Project("{9A19103F-16F7-4668-BE54-9A1E7A4F7556}") = "Problem008", "1-100\1-10\Problem008\Problem008.csproj", "{22ED02AA-FCE7-4C60-BB9C-2E11C0BCD447}"
EndProject
Project("{9A19103F-16F7-4668-BE54-9A1E7A4F7556}") = "Problem009", "1-100\1-10\Problem009\Problem009.csproj", "{DA67B2E0-2E58-4840-A332-9044F6D9036E}"
EndProject
Project("{9A19103F-16F7-4668-BE54-9A1E7A4F7556}") = "Problem010", "1-100\1-10\Problem010\Problem010.csproj", "{DA845084-F7FF-4B93-A9D7-D312E34B938C}"
EndProject
Project("{2150E333-8FDC-42A3-9474-1A3956D46DE8}") = "11-20", "11-20", "{150EBFC9-7546-47B6-A204-797EA5AB73A7}"
EndProject
Project("{9A19103F-16F7-4668-BE54-9A1E7A4F7556}") = "Problem011", "1-100\11-20\Problem011\Problem011.csproj", "{04B7872A-D34A-4711-BAD9-585797FC82E8}"
EndProject
Global
	GlobalSection(SolutionConfigurationPlatforms) = preSolution
		Debug|Any CPU = Debug|Any CPU
		Release|Any CPU = Release|Any CPU
	EndGlobalSection
	GlobalSection(ProjectConfigurationPlatforms) = postSolution
		{7ADB0492-163C-4480-9482-E70B8AD30CC0}.Debug|Any CPU.ActiveCfg = Debug|Any CPU
		{7ADB0492-163C-4480-9482-E70B8AD30CC0}.Debug|Any CPU.Build.0 = Debug|Any CPU
		{7ADB0492-163C-4480-9482-E70B8AD30CC0}.Release|Any CPU.ActiveCfg = Release|Any CPU
		{7ADB0492-163C-4480-9482-E70B8AD30CC0}.Release|Any CPU.Build.0 = Release|Any CPU
		{DA4646D4-CB8F-4ADB-8A3A-CC0D304EFD38}.Debug|Any CPU.ActiveCfg = Debug|Any CPU
		{DA4646D4-CB8F-4ADB-8A3A-CC0D304EFD38}.Debug|Any CPU.Build.0 = Debug|Any CPU
		{DA4646D4-CB8F-4ADB-8A3A-CC0D304EFD38}.Release|Any CPU.ActiveCfg = Release|Any CPU
		{DA4646D4-CB8F-4ADB-8A3A-CC0D304EFD38}.Release|Any CPU.Build.0 = Release|Any CPU
		{19BC7870-CFAB-4159-949F-F01F512CD7B8}.Debug|Any CPU.ActiveCfg = Debug|Any CPU
		{19BC7870-CFAB-4159-949F-F01F512CD7B8}.Debug|Any CPU.Build.0 = Debug|Any CPU
		{19BC7870-CFAB-4159-949F-F01F512CD7B8}.Release|Any CPU.ActiveCfg = Release|Any CPU
		{19BC7870-CFAB-4159-949F-F01F512CD7B8}.Release|Any CPU.Build.0 = Release|Any CPU
		{2B229E7A-F424-42ED-9936-801563F735BA}.Debug|Any CPU.ActiveCfg = Debug|Any CPU
		{2B229E7A-F424-42ED-9936-801563F735BA}.Debug|Any CPU.Build.0 = Debug|Any CPU
		{2B229E7A-F424-42ED-9936-801563F735BA}.Release|Any CPU.ActiveCfg = Release|Any CPU
		{2B229E7A-F424-42ED-9936-801563F735BA}.Release|Any CPU.Build.0 = Release|Any CPU
		{109F1603-35F7-4FBF-98CE-5E9902FF5C2C}.Debug|Any CPU.ActiveCfg = Debug|Any CPU
		{109F1603-35F7-4FBF-98CE-5E9902FF5C2C}.Debug|Any CPU.Build.0 = Debug|Any CPU
		{109F1603-35F7-4FBF-98CE-5E9902FF5C2C}.Release|Any CPU.ActiveCfg = Release|Any CPU
		{109F1603-35F7-4FBF-98CE-5E9902FF5C2C}.Release|Any CPU.Build.0 = Release|Any CPU
		{83B469D6-4A7A-4127-8233-C90B112D5DA3}.Debug|Any CPU.ActiveCfg = Debug|Any CPU
		{83B469D6-4A7A-4127-8233-C90B112D5DA3}.Debug|Any CPU.Build.0 = Debug|Any CPU
		{83B469D6-4A7A-4127-8233-C90B112D5DA3}.Release|Any CPU.ActiveCfg = Release|Any CPU
		{83B469D6-4A7A-4127-8233-C90B112D5DA3}.Release|Any CPU.Build.0 = Release|Any CPU
		{90D9FEBC-6400-45D5-93AE-AEC516FBA10C}.Debug|Any CPU.ActiveCfg = Debug|Any CPU
		{90D9FEBC-6400-45D5-93AE-AEC516FBA10C}.Debug|Any CPU.Build.0 = Debug|Any CPU
		{90D9FEBC-6400-45D5-93AE-AEC516FBA10C}.Release|Any CPU.ActiveCfg = Release|Any CPU
		{90D9FEBC-6400-45D5-93AE-AEC516FBA10C}.Release|Any CPU.Build.0 = Release|Any CPU
		{E92F344D-FA2E-42E9-8022-79B7531CC78E}.Debug|Any CPU.ActiveCfg = Debug|Any CPU
		{E92F344D-FA2E-42E9-8022-79B7531CC78E}.Debug|Any CPU.Build.0 = Debug|Any CPU
		{E92F344D-FA2E-42E9-8022-79B7531CC78E}.Release|Any CPU.ActiveCfg = Release|Any CPU
		{E92F344D-FA2E-42E9-8022-79B7531CC78E}.Release|Any CPU.Build.0 = Release|Any CPU
		{22ED02AA-FCE7-4C60-BB9C-2E11C0BCD447}.Debug|Any CPU.ActiveCfg = Debug|Any CPU
		{22ED02AA-FCE7-4C60-BB9C-2E11C0BCD447}.Debug|Any CPU.Build.0 = Debug|Any CPU
		{22ED02AA-FCE7-4C60-BB9C-2E11C0BCD447}.Release|Any CPU.ActiveCfg = Release|Any CPU
		{22ED02AA-FCE7-4C60-BB9C-2E11C0BCD447}.Release|Any CPU.Build.0 = Release|Any CPU
		{DA67B2E0-2E58-4840-A332-9044F6D9036E}.Debug|Any CPU.ActiveCfg = Debug|Any CPU
		{DA67B2E0-2E58-4840-A332-9044F6D9036E}.Debug|Any CPU.Build.0 = Debug|Any CPU
		{DA67B2E0-2E58-4840-A332-9044F6D9036E}.Release|Any CPU.ActiveCfg = Release|Any CPU
		{DA67B2E0-2E58-4840-A332-9044F6D9036E}.Release|Any CPU.Build.0 = Release|Any CPU
		{DA845084-F7FF-4B93-A9D7-D312E34B938C}.Debug|Any CPU.ActiveCfg = Debug|Any CPU
		{DA845084-F7FF-4B93-A9D7-D312E34B938C}.Debug|Any CPU.Build.0 = Debug|Any CPU
		{DA845084-F7FF-4B93-A9D7-D312E34B938C}.Release|Any CPU.ActiveCfg = Release|Any CPU
		{DA845084-F7FF-4B93-A9D7-D312E34B938C}.Release|Any CPU.Build.0 = Release|Any CPU
		{04B7872A-D34A-4711-BAD9-585797FC82E8}.Debug|Any CPU.ActiveCfg = Debug|Any CPU
		{04B7872A-D34A-4711-BAD9-585797FC82E8}.Debug|Any CPU.Build.0 = Debug|Any CPU
		{04B7872A-D34A-4711-BAD9-585797FC82E8}.Release|Any CPU.ActiveCfg = Release|Any CPU
		{04B7872A-D34A-4711-BAD9-585797FC82E8}.Release|Any CPU.Build.0 = Release|Any CPU
	EndGlobalSection
	GlobalSection(SolutionProperties) = preSolution
		HideSolutionNode = FALSE
	EndGlobalSection
	GlobalSection(NestedProjects) = preSolution
		{DA4646D4-CB8F-4ADB-8A3A-CC0D304EFD38} = {7D53EB9D-8768-4F6B-9844-9312040D6EE7}
		{7D53EB9D-8768-4F6B-9844-9312040D6EE7} = {BE172680-C4A3-4B29-B0CA-1B2D26E55BD4}
		{19BC7870-CFAB-4159-949F-F01F512CD7B8} = {7D53EB9D-8768-4F6B-9844-9312040D6EE7}
		{2B229E7A-F424-42ED-9936-801563F735BA} = {7D53EB9D-8768-4F6B-9844-9312040D6EE7}
		{109F1603-35F7-4FBF-98CE-5E9902FF5C2C} = {7D53EB9D-8768-4F6B-9844-9312040D6EE7}
		{83B469D6-4A7A-4127-8233-C90B112D5DA3} = {7D53EB9D-8768-4F6B-9844-9312040D6EE7}
		{90D9FEBC-6400-45D5-93AE-AEC516FBA10C} = {7D53EB9D-8768-4F6B-9844-9312040D6EE7}
		{E92F344D-FA2E-42E9-8022-79B7531CC78E} = {7D53EB9D-8768-4F6B-9844-9312040D6EE7}
		{22ED02AA-FCE7-4C60-BB9C-2E11C0BCD447} = {7D53EB9D-8768-4F6B-9844-9312040D6EE7}
		{DA67B2E0-2E58-4840-A332-9044F6D9036E} = {7D53EB9D-8768-4F6B-9844-9312040D6EE7}
		{DA845084-F7FF-4B93-A9D7-D312E34B938C} = {7D53EB9D-8768-4F6B-9844-9312040D6EE7}
		{150EBFC9-7546-47B6-A204-797EA5AB73A7} = {BE172680-C4A3-4B29-B0CA-1B2D26E55BD4}
		{04B7872A-D34A-4711-BAD9-585797FC82E8} = {150EBFC9-7546-47B6-A204-797EA5AB73A7}
	EndGlobalSection
	GlobalSection(ExtensibilityGlobals) = postSolution
		SolutionGuid = {DA9D8663-29AE-48FC-A0CC-B5A10C2419D2}
	EndGlobalSection
EndGlobal
