
Microsoft Visual Studio Solution File, Format Version 12.00
# Visual Studio Version 16
VisualStudioVersion = 16.0.29123.88
MinimumVisualStudioVersion = 10.0.40219.1
Project("{9A19103F-16F7-4668-BE54-9A1E7A4F7556}") = "CommonProblems", "CommonProblems\CommonProblems.csproj", "{7ADB0492-163C-4480-9482-E70B8AD30CC0}"
EndProject
Project("{9A19103F-16F7-4668-BE54-9A1E7A4F7556}") = "Problem001", "1-100\1-10\Problem001\Problem001.csproj", "{DA4646D4-CB8F-4ADB-8A3A-CC0D304EFD38}"
EndProject
Project("{2150E333-8FDC-42A3-9474-1A3956D46DE8}") = "1-100", "1-100", "{BE172680-C4A3-4B29-B0CA-1B2D26E55BD4}"
EndProject
Project("{2150E333-8FDC-42A3-9474-1A3956D46DE8}") = "1-10", "1-10", "{7D53EB9D-8768-4F6B-9844-9312040D6EE7}"
EndProject
Project("{9A19103F-16F7-4668-BE54-9A1E7A4F7556}") = "Problem002", "1-100\1-10\Problem002\Problem002.csproj", "{19BC7870-CFAB-4159-949F-F01F512CD7B8}"
EndProject
Project("{9A19103F-16F7-4668-BE54-9A1E7A4F7556}") = "Problem003", "1-100\1-10\Problem003\Problem003.csproj", "{2B229E7A-F424-42ED-9936-801563F735BA}"
EndProject
Project("{9A19103F-16F7-4668-BE54-9A1E7A4F7556}") = "Problem004", "1-100\1-10\Problem004\Problem004.csproj", "{109F1603-35F7-4FBF-98CE-5E9902FF5C2C}"
EndProject
Project("{9A19103F-16F7-4668-BE54-9A1E7A4F7556}") = "Problem005", "1-100\1-10\Problem005\Problem005.csproj", "{83B469D6-4A7A-4127-8233-C90B112D5DA3}"
EndProject
Project("{9A19103F-16F7-4668-BE54-9A1E7A4F7556}") = "Problem006", "1-100\1-10\Problem006\Problem006.csproj", "{90D9FEBC-6400-45D5-93AE-AEC516FBA10C}"
EndProject
Project("{9A19103F-16F7-4668-BE54-9A1E7A4F7556}") = "Problem007", "1-100\1-10\Problem007\Problem007.csproj", "{E92F344D-FA2E-42E9-8022-79B7531CC78E}"
EndProject
Project("{9A19103F-16F7-4668-BE54-9A1E7A4F7556}") = "Problem008", "1-100\1-10\Problem008\Problem008.csproj", "{22ED02AA-FCE7-4C60-BB9C-2E11C0BCD447}"
EndProject
Project("{9A19103F-16F7-4668-BE54-9A1E7A4F7556}") = "Problem009", "1-100\1-10\Problem009\Problem009.csproj", "{DA67B2E0-2E58-4840-A332-9044F6D9036E}"
EndProject
Project("{9A19103F-16F7-4668-BE54-9A1E7A4F7556}") = "Problem010", "1-100\1-10\Problem010\Problem010.csproj", "{DA845084-F7FF-4B93-A9D7-D312E34B938C}"
EndProject
Project("{2150E333-8FDC-42A3-9474-1A3956D46DE8}") = "11-20", "11-20", "{150EBFC9-7546-47B6-A204-797EA5AB73A7}"
EndProject
Project("{9A19103F-16F7-4668-BE54-9A1E7A4F7556}") = "Problem011", "1-100\11-20\Problem011\Problem011.csproj", "{04B7872A-D34A-4711-BAD9-585797FC82E8}"
EndProject
Project("{9A19103F-16F7-4668-BE54-9A1E7A4F7556}") = "Problem012", "1-100\11-20\Problem012\Problem012.csproj", "{06262906-EF53-4622-91F7-702ED7B074D8}"
EndProject
Project("{9A19103F-16F7-4668-BE54-9A1E7A4F7556}") = "Problem013", "1-100\11-20\Problem013\Problem013.csproj", "{6CD45E8F-87AE-4223-86AA-8D930BA1E8E8}"
EndProject
Project("{9A19103F-16F7-4668-BE54-9A1E7A4F7556}") = "Problem014", "1-100\11-20\Problem014\Problem014.csproj", "{6CEECFC6-160E-4351-BDC3-F87DD4981324}"
EndProject
Project("{9A19103F-16F7-4668-BE54-9A1E7A4F7556}") = "Problem015", "1-100\11-20\Problem015\Problem015.csproj", "{316AD229-6F3D-4BDD-8F96-BF28267F274D}"
EndProject
Project("{9A19103F-16F7-4668-BE54-9A1E7A4F7556}") = "Problem016", "1-100\11-20\Problem016\Problem016.csproj", "{E8F3BD83-BD16-4AEA-9C7D-F6F1FE60C195}"
EndProject
Project("{9A19103F-16F7-4668-BE54-9A1E7A4F7556}") = "Problem017", "1-100\11-20\Problem017\Problem017.csproj", "{92BABE7A-2F08-4A9B-A99E-3F87AA3C52BA}"
EndProject
Project("{9A19103F-16F7-4668-BE54-9A1E7A4F7556}") = "Problem018", "1-100\11-20\Problem018\Problem018.csproj", "{1554308A-89AB-4DF5-AF52-8DE1D260F293}"
EndProject
Project("{9A19103F-16F7-4668-BE54-9A1E7A4F7556}") = "Problem019", "1-100\11-20\Problem019\Problem019.csproj", "{1774A3BD-42BE-4D93-9EEA-A7CBDB559D6F}"
EndProject
Project("{9A19103F-16F7-4668-BE54-9A1E7A4F7556}") = "Problem020", "1-100\11-20\Problem020\Problem020.csproj", "{7CAF424A-8223-47C0-B836-28391B343949}"
EndProject
Project("{2150E333-8FDC-42A3-9474-1A3956D46DE8}") = "21-30", "21-30", "{2B8554BE-D915-4978-8417-FC0751A2C1F4}"
EndProject
Project("{9A19103F-16F7-4668-BE54-9A1E7A4F7556}") = "Problem021", "1-100\21-30\Problem021\Problem021.csproj", "{763024AC-E756-4BDA-9E81-7BBB3489102C}"
EndProject
Project("{9A19103F-16F7-4668-BE54-9A1E7A4F7556}") = "Problem022", "1-100\21-30\Problem022\Problem022.csproj", "{8C7D9C14-EDCB-4E5E-AFA4-D91AB289E508}"
EndProject
Project("{9A19103F-16F7-4668-BE54-9A1E7A4F7556}") = "Problem023", "1-100\21-30\Problem023\Problem023.csproj", "{FA24B791-90A5-473C-92B7-2358862AA483}"
EndProject
Project("{9A19103F-16F7-4668-BE54-9A1E7A4F7556}") = "Problem024", "1-100\21-30\Problem024\Problem024.csproj", "{D9E9CF20-A054-4780-9488-2AB318E20030}"
EndProject
Project("{9A19103F-16F7-4668-BE54-9A1E7A4F7556}") = "Problem025", "1-100\21-30\Problem025\Problem025.csproj", "{883AFD6A-CD4E-4941-A126-B453BEC2B7D4}"
EndProject
Project("{9A19103F-16F7-4668-BE54-9A1E7A4F7556}") = "Problem026", "1-100\21-30\Problem026\Problem026.csproj", "{AAF69907-BAA8-4CF0-B30F-84D2D6383CE6}"
EndProject
Project("{9A19103F-16F7-4668-BE54-9A1E7A4F7556}") = "Problem027", "1-100\21-30\Problem027\Problem027.csproj", "{0D57D8B2-3390-4984-91C7-9B0458E98CB9}"
EndProject
Project("{9A19103F-16F7-4668-BE54-9A1E7A4F7556}") = "Problem028", "1-100\21-30\Problem028\Problem028.csproj", "{646614C4-BFFE-4B8E-BCF4-CC2AFA8149CD}"
EndProject
Project("{9A19103F-16F7-4668-BE54-9A1E7A4F7556}") = "Problem029", "1-100\21-30\Problem029\Problem029.csproj", "{5DE3CD66-8EC9-4ED7-AF40-B8FD89565198}"
EndProject
Project("{9A19103F-16F7-4668-BE54-9A1E7A4F7556}") = "Problem030", "1-100\21-30\Problem030\Problem030.csproj", "{AC548E8C-D108-4D23-8B27-7A9B94F749FB}"
EndProject
Project("{2150E333-8FDC-42A3-9474-1A3956D46DE8}") = "31-40", "31-40", "{783D2871-F9E9-4166-B524-FA085712FE10}"
EndProject
Project("{9A19103F-16F7-4668-BE54-9A1E7A4F7556}") = "Problem031", "1-100\31-40\Problem031\Problem031.csproj", "{E513FAA0-50A3-4075-8530-7C718187E9BE}"
EndProject
Project("{2150E333-8FDC-42A3-9474-1A3956D46DE8}") = "41-50", "41-50", "{566F071A-3EF4-4411-BD11-CDD0BBC1616D}"
EndProject
Project("{FAE04EC0-301F-11D3-BF4B-00C04F79EFBC}") = "Problem048", "1-100\41-50\Problem048\Problem048.csproj", "{677E954B-DC13-4497-95CE-F977C8A547F3}"
EndProject
Project("{FAE04EC0-301F-11D3-BF4B-00C04F79EFBC}") = "Problem035", "1-100\31-40\Problem035\Problem035.csproj", "{6E351D04-6B90-4E03-9D8B-46F544FB5D67}"
EndProject
Project("{FAE04EC0-301F-11D3-BF4B-00C04F79EFBC}") = "Problem050", "1-100\41-50\Problem050\Problem050.csproj", "{6F44E0A9-59A1-43FE-BA84-46FC4186D188}"
EndProject
Project("{FAE04EC0-301F-11D3-BF4B-00C04F79EFBC}") = "Problem049", "1-100\41-50\Problem049\Problem049.csproj", "{C3DD4C8B-2D2C-4050-BAFF-4398529A5DA1}"
EndProject
Project("{FAE04EC0-301F-11D3-BF4B-00C04F79EFBC}") = "Problem034", "1-100\31-40\Problem034\Problem034.csproj", "{1FBB9B25-1EBB-4B06-A1A0-EA5F3B7F6651}"
EndProject
Global
	GlobalSection(SolutionConfigurationPlatforms) = preSolution
		Debug|Any CPU = Debug|Any CPU
		Release|Any CPU = Release|Any CPU
	EndGlobalSection
	GlobalSection(ProjectConfigurationPlatforms) = postSolution
		{7ADB0492-163C-4480-9482-E70B8AD30CC0}.Debug|Any CPU.ActiveCfg = Debug|Any CPU
		{7ADB0492-163C-4480-9482-E70B8AD30CC0}.Debug|Any CPU.Build.0 = Debug|Any CPU
		{7ADB0492-163C-4480-9482-E70B8AD30CC0}.Release|Any CPU.ActiveCfg = Release|Any CPU
		{7ADB0492-163C-4480-9482-E70B8AD30CC0}.Release|Any CPU.Build.0 = Release|Any CPU
		{DA4646D4-CB8F-4ADB-8A3A-CC0D304EFD38}.Debug|Any CPU.ActiveCfg = Debug|Any CPU
		{DA4646D4-CB8F-4ADB-8A3A-CC0D304EFD38}.Debug|Any CPU.Build.0 = Debug|Any CPU
		{DA4646D4-CB8F-4ADB-8A3A-CC0D304EFD38}.Release|Any CPU.ActiveCfg = Release|Any CPU
		{DA4646D4-CB8F-4ADB-8A3A-CC0D304EFD38}.Release|Any CPU.Build.0 = Release|Any CPU
		{19BC7870-CFAB-4159-949F-F01F512CD7B8}.Debug|Any CPU.ActiveCfg = Debug|Any CPU
		{19BC7870-CFAB-4159-949F-F01F512CD7B8}.Debug|Any CPU.Build.0 = Debug|Any CPU
		{19BC7870-CFAB-4159-949F-F01F512CD7B8}.Release|Any CPU.ActiveCfg = Release|Any CPU
		{19BC7870-CFAB-4159-949F-F01F512CD7B8}.Release|Any CPU.Build.0 = Release|Any CPU
		{2B229E7A-F424-42ED-9936-801563F735BA}.Debug|Any CPU.ActiveCfg = Debug|Any CPU
		{2B229E7A-F424-42ED-9936-801563F735BA}.Debug|Any CPU.Build.0 = Debug|Any CPU
		{2B229E7A-F424-42ED-9936-801563F735BA}.Release|Any CPU.ActiveCfg = Release|Any CPU
		{2B229E7A-F424-42ED-9936-801563F735BA}.Release|Any CPU.Build.0 = Release|Any CPU
		{109F1603-35F7-4FBF-98CE-5E9902FF5C2C}.Debug|Any CPU.ActiveCfg = Debug|Any CPU
		{109F1603-35F7-4FBF-98CE-5E9902FF5C2C}.Debug|Any CPU.Build.0 = Debug|Any CPU
		{109F1603-35F7-4FBF-98CE-5E9902FF5C2C}.Release|Any CPU.ActiveCfg = Release|Any CPU
		{109F1603-35F7-4FBF-98CE-5E9902FF5C2C}.Release|Any CPU.Build.0 = Release|Any CPU
		{83B469D6-4A7A-4127-8233-C90B112D5DA3}.Debug|Any CPU.ActiveCfg = Debug|Any CPU
		{83B469D6-4A7A-4127-8233-C90B112D5DA3}.Debug|Any CPU.Build.0 = Debug|Any CPU
		{83B469D6-4A7A-4127-8233-C90B112D5DA3}.Release|Any CPU.ActiveCfg = Release|Any CPU
		{83B469D6-4A7A-4127-8233-C90B112D5DA3}.Release|Any CPU.Build.0 = Release|Any CPU
		{90D9FEBC-6400-45D5-93AE-AEC516FBA10C}.Debug|Any CPU.ActiveCfg = Debug|Any CPU
		{90D9FEBC-6400-45D5-93AE-AEC516FBA10C}.Debug|Any CPU.Build.0 = Debug|Any CPU
		{90D9FEBC-6400-45D5-93AE-AEC516FBA10C}.Release|Any CPU.ActiveCfg = Release|Any CPU
		{90D9FEBC-6400-45D5-93AE-AEC516FBA10C}.Release|Any CPU.Build.0 = Release|Any CPU
		{E92F344D-FA2E-42E9-8022-79B7531CC78E}.Debug|Any CPU.ActiveCfg = Debug|Any CPU
		{E92F344D-FA2E-42E9-8022-79B7531CC78E}.Debug|Any CPU.Build.0 = Debug|Any CPU
		{E92F344D-FA2E-42E9-8022-79B7531CC78E}.Release|Any CPU.ActiveCfg = Release|Any CPU
		{E92F344D-FA2E-42E9-8022-79B7531CC78E}.Release|Any CPU.Build.0 = Release|Any CPU
		{22ED02AA-FCE7-4C60-BB9C-2E11C0BCD447}.Debug|Any CPU.ActiveCfg = Debug|Any CPU
		{22ED02AA-FCE7-4C60-BB9C-2E11C0BCD447}.Debug|Any CPU.Build.0 = Debug|Any CPU
		{22ED02AA-FCE7-4C60-BB9C-2E11C0BCD447}.Release|Any CPU.ActiveCfg = Release|Any CPU
		{22ED02AA-FCE7-4C60-BB9C-2E11C0BCD447}.Release|Any CPU.Build.0 = Release|Any CPU
		{DA67B2E0-2E58-4840-A332-9044F6D9036E}.Debug|Any CPU.ActiveCfg = Debug|Any CPU
		{DA67B2E0-2E58-4840-A332-9044F6D9036E}.Debug|Any CPU.Build.0 = Debug|Any CPU
		{DA67B2E0-2E58-4840-A332-9044F6D9036E}.Release|Any CPU.ActiveCfg = Release|Any CPU
		{DA67B2E0-2E58-4840-A332-9044F6D9036E}.Release|Any CPU.Build.0 = Release|Any CPU
		{DA845084-F7FF-4B93-A9D7-D312E34B938C}.Debug|Any CPU.ActiveCfg = Debug|Any CPU
		{DA845084-F7FF-4B93-A9D7-D312E34B938C}.Debug|Any CPU.Build.0 = Debug|Any CPU
		{DA845084-F7FF-4B93-A9D7-D312E34B938C}.Release|Any CPU.ActiveCfg = Release|Any CPU
		{DA845084-F7FF-4B93-A9D7-D312E34B938C}.Release|Any CPU.Build.0 = Release|Any CPU
		{04B7872A-D34A-4711-BAD9-585797FC82E8}.Debug|Any CPU.ActiveCfg = Debug|Any CPU
		{04B7872A-D34A-4711-BAD9-585797FC82E8}.Debug|Any CPU.Build.0 = Debug|Any CPU
		{04B7872A-D34A-4711-BAD9-585797FC82E8}.Release|Any CPU.ActiveCfg = Release|Any CPU
		{04B7872A-D34A-4711-BAD9-585797FC82E8}.Release|Any CPU.Build.0 = Release|Any CPU
		{06262906-EF53-4622-91F7-702ED7B074D8}.Debug|Any CPU.ActiveCfg = Debug|Any CPU
		{06262906-EF53-4622-91F7-702ED7B074D8}.Debug|Any CPU.Build.0 = Debug|Any CPU
		{06262906-EF53-4622-91F7-702ED7B074D8}.Release|Any CPU.ActiveCfg = Release|Any CPU
		{06262906-EF53-4622-91F7-702ED7B074D8}.Release|Any CPU.Build.0 = Release|Any CPU
		{6CD45E8F-87AE-4223-86AA-8D930BA1E8E8}.Debug|Any CPU.ActiveCfg = Debug|Any CPU
		{6CD45E8F-87AE-4223-86AA-8D930BA1E8E8}.Debug|Any CPU.Build.0 = Debug|Any CPU
		{6CD45E8F-87AE-4223-86AA-8D930BA1E8E8}.Release|Any CPU.ActiveCfg = Release|Any CPU
		{6CD45E8F-87AE-4223-86AA-8D930BA1E8E8}.Release|Any CPU.Build.0 = Release|Any CPU
		{6CEECFC6-160E-4351-BDC3-F87DD4981324}.Debug|Any CPU.ActiveCfg = Debug|Any CPU
		{6CEECFC6-160E-4351-BDC3-F87DD4981324}.Debug|Any CPU.Build.0 = Debug|Any CPU
		{6CEECFC6-160E-4351-BDC3-F87DD4981324}.Release|Any CPU.ActiveCfg = Release|Any CPU
		{6CEECFC6-160E-4351-BDC3-F87DD4981324}.Release|Any CPU.Build.0 = Release|Any CPU
		{316AD229-6F3D-4BDD-8F96-BF28267F274D}.Debug|Any CPU.ActiveCfg = Debug|Any CPU
		{316AD229-6F3D-4BDD-8F96-BF28267F274D}.Debug|Any CPU.Build.0 = Debug|Any CPU
		{316AD229-6F3D-4BDD-8F96-BF28267F274D}.Release|Any CPU.ActiveCfg = Release|Any CPU
		{316AD229-6F3D-4BDD-8F96-BF28267F274D}.Release|Any CPU.Build.0 = Release|Any CPU
		{E8F3BD83-BD16-4AEA-9C7D-F6F1FE60C195}.Debug|Any CPU.ActiveCfg = Debug|Any CPU
		{E8F3BD83-BD16-4AEA-9C7D-F6F1FE60C195}.Debug|Any CPU.Build.0 = Debug|Any CPU
		{E8F3BD83-BD16-4AEA-9C7D-F6F1FE60C195}.Release|Any CPU.ActiveCfg = Release|Any CPU
		{E8F3BD83-BD16-4AEA-9C7D-F6F1FE60C195}.Release|Any CPU.Build.0 = Release|Any CPU
		{92BABE7A-2F08-4A9B-A99E-3F87AA3C52BA}.Debug|Any CPU.ActiveCfg = Debug|Any CPU
		{92BABE7A-2F08-4A9B-A99E-3F87AA3C52BA}.Debug|Any CPU.Build.0 = Debug|Any CPU
		{92BABE7A-2F08-4A9B-A99E-3F87AA3C52BA}.Release|Any CPU.ActiveCfg = Release|Any CPU
		{92BABE7A-2F08-4A9B-A99E-3F87AA3C52BA}.Release|Any CPU.Build.0 = Release|Any CPU
		{1554308A-89AB-4DF5-AF52-8DE1D260F293}.Debug|Any CPU.ActiveCfg = Debug|Any CPU
		{1554308A-89AB-4DF5-AF52-8DE1D260F293}.Debug|Any CPU.Build.0 = Debug|Any CPU
		{1554308A-89AB-4DF5-AF52-8DE1D260F293}.Release|Any CPU.ActiveCfg = Release|Any CPU
		{1554308A-89AB-4DF5-AF52-8DE1D260F293}.Release|Any CPU.Build.0 = Release|Any CPU
		{1774A3BD-42BE-4D93-9EEA-A7CBDB559D6F}.Debug|Any CPU.ActiveCfg = Debug|Any CPU
		{1774A3BD-42BE-4D93-9EEA-A7CBDB559D6F}.Debug|Any CPU.Build.0 = Debug|Any CPU
		{1774A3BD-42BE-4D93-9EEA-A7CBDB559D6F}.Release|Any CPU.ActiveCfg = Release|Any CPU
		{1774A3BD-42BE-4D93-9EEA-A7CBDB559D6F}.Release|Any CPU.Build.0 = Release|Any CPU
		{7CAF424A-8223-47C0-B836-28391B343949}.Debug|Any CPU.ActiveCfg = Debug|Any CPU
		{7CAF424A-8223-47C0-B836-28391B343949}.Debug|Any CPU.Build.0 = Debug|Any CPU
		{7CAF424A-8223-47C0-B836-28391B343949}.Release|Any CPU.ActiveCfg = Release|Any CPU
		{7CAF424A-8223-47C0-B836-28391B343949}.Release|Any CPU.Build.0 = Release|Any CPU
		{763024AC-E756-4BDA-9E81-7BBB3489102C}.Debug|Any CPU.ActiveCfg = Debug|Any CPU
		{763024AC-E756-4BDA-9E81-7BBB3489102C}.Debug|Any CPU.Build.0 = Debug|Any CPU
		{763024AC-E756-4BDA-9E81-7BBB3489102C}.Release|Any CPU.ActiveCfg = Release|Any CPU
		{763024AC-E756-4BDA-9E81-7BBB3489102C}.Release|Any CPU.Build.0 = Release|Any CPU
		{8C7D9C14-EDCB-4E5E-AFA4-D91AB289E508}.Debug|Any CPU.ActiveCfg = Debug|Any CPU
		{8C7D9C14-EDCB-4E5E-AFA4-D91AB289E508}.Debug|Any CPU.Build.0 = Debug|Any CPU
		{8C7D9C14-EDCB-4E5E-AFA4-D91AB289E508}.Release|Any CPU.ActiveCfg = Release|Any CPU
		{8C7D9C14-EDCB-4E5E-AFA4-D91AB289E508}.Release|Any CPU.Build.0 = Release|Any CPU
		{FA24B791-90A5-473C-92B7-2358862AA483}.Debug|Any CPU.ActiveCfg = Debug|Any CPU
		{FA24B791-90A5-473C-92B7-2358862AA483}.Debug|Any CPU.Build.0 = Debug|Any CPU
		{FA24B791-90A5-473C-92B7-2358862AA483}.Release|Any CPU.ActiveCfg = Release|Any CPU
		{FA24B791-90A5-473C-92B7-2358862AA483}.Release|Any CPU.Build.0 = Release|Any CPU
		{D9E9CF20-A054-4780-9488-2AB318E20030}.Debug|Any CPU.ActiveCfg = Debug|Any CPU
		{D9E9CF20-A054-4780-9488-2AB318E20030}.Debug|Any CPU.Build.0 = Debug|Any CPU
		{D9E9CF20-A054-4780-9488-2AB318E20030}.Release|Any CPU.ActiveCfg = Release|Any CPU
		{D9E9CF20-A054-4780-9488-2AB318E20030}.Release|Any CPU.Build.0 = Release|Any CPU
		{883AFD6A-CD4E-4941-A126-B453BEC2B7D4}.Debug|Any CPU.ActiveCfg = Debug|Any CPU
		{883AFD6A-CD4E-4941-A126-B453BEC2B7D4}.Debug|Any CPU.Build.0 = Debug|Any CPU
		{883AFD6A-CD4E-4941-A126-B453BEC2B7D4}.Release|Any CPU.ActiveCfg = Release|Any CPU
		{883AFD6A-CD4E-4941-A126-B453BEC2B7D4}.Release|Any CPU.Build.0 = Release|Any CPU
		{AAF69907-BAA8-4CF0-B30F-84D2D6383CE6}.Debug|Any CPU.ActiveCfg = Debug|Any CPU
		{AAF69907-BAA8-4CF0-B30F-84D2D6383CE6}.Debug|Any CPU.Build.0 = Debug|Any CPU
		{AAF69907-BAA8-4CF0-B30F-84D2D6383CE6}.Release|Any CPU.ActiveCfg = Release|Any CPU
		{AAF69907-BAA8-4CF0-B30F-84D2D6383CE6}.Release|Any CPU.Build.0 = Release|Any CPU
		{0D57D8B2-3390-4984-91C7-9B0458E98CB9}.Debug|Any CPU.ActiveCfg = Debug|Any CPU
		{0D57D8B2-3390-4984-91C7-9B0458E98CB9}.Debug|Any CPU.Build.0 = Debug|Any CPU
		{0D57D8B2-3390-4984-91C7-9B0458E98CB9}.Release|Any CPU.ActiveCfg = Release|Any CPU
		{0D57D8B2-3390-4984-91C7-9B0458E98CB9}.Release|Any CPU.Build.0 = Release|Any CPU
		{646614C4-BFFE-4B8E-BCF4-CC2AFA8149CD}.Debug|Any CPU.ActiveCfg = Debug|Any CPU
		{646614C4-BFFE-4B8E-BCF4-CC2AFA8149CD}.Debug|Any CPU.Build.0 = Debug|Any CPU
		{646614C4-BFFE-4B8E-BCF4-CC2AFA8149CD}.Release|Any CPU.ActiveCfg = Release|Any CPU
		{646614C4-BFFE-4B8E-BCF4-CC2AFA8149CD}.Release|Any CPU.Build.0 = Release|Any CPU
		{5DE3CD66-8EC9-4ED7-AF40-B8FD89565198}.Debug|Any CPU.ActiveCfg = Debug|Any CPU
		{5DE3CD66-8EC9-4ED7-AF40-B8FD89565198}.Debug|Any CPU.Build.0 = Debug|Any CPU
		{5DE3CD66-8EC9-4ED7-AF40-B8FD89565198}.Release|Any CPU.ActiveCfg = Release|Any CPU
		{5DE3CD66-8EC9-4ED7-AF40-B8FD89565198}.Release|Any CPU.Build.0 = Release|Any CPU
		{AC548E8C-D108-4D23-8B27-7A9B94F749FB}.Debug|Any CPU.ActiveCfg = Debug|Any CPU
		{AC548E8C-D108-4D23-8B27-7A9B94F749FB}.Debug|Any CPU.Build.0 = Debug|Any CPU
		{AC548E8C-D108-4D23-8B27-7A9B94F749FB}.Release|Any CPU.ActiveCfg = Release|Any CPU
		{AC548E8C-D108-4D23-8B27-7A9B94F749FB}.Release|Any CPU.Build.0 = Release|Any CPU
		{E513FAA0-50A3-4075-8530-7C718187E9BE}.Debug|Any CPU.ActiveCfg = Debug|Any CPU
		{E513FAA0-50A3-4075-8530-7C718187E9BE}.Debug|Any CPU.Build.0 = Debug|Any CPU
		{E513FAA0-50A3-4075-8530-7C718187E9BE}.Release|Any CPU.ActiveCfg = Release|Any CPU
		{E513FAA0-50A3-4075-8530-7C718187E9BE}.Release|Any CPU.Build.0 = Release|Any CPU
		{677E954B-DC13-4497-95CE-F977C8A547F3}.Debug|Any CPU.ActiveCfg = Debug|Any CPU
		{677E954B-DC13-4497-95CE-F977C8A547F3}.Debug|Any CPU.Build.0 = Debug|Any CPU
		{677E954B-DC13-4497-95CE-F977C8A547F3}.Release|Any CPU.ActiveCfg = Release|Any CPU
		{677E954B-DC13-4497-95CE-F977C8A547F3}.Release|Any CPU.Build.0 = Release|Any CPU
		{6E351D04-6B90-4E03-9D8B-46F544FB5D67}.Debug|Any CPU.ActiveCfg = Debug|Any CPU
		{6E351D04-6B90-4E03-9D8B-46F544FB5D67}.Debug|Any CPU.Build.0 = Debug|Any CPU
		{6E351D04-6B90-4E03-9D8B-46F544FB5D67}.Release|Any CPU.ActiveCfg = Release|Any CPU
		{6E351D04-6B90-4E03-9D8B-46F544FB5D67}.Release|Any CPU.Build.0 = Release|Any CPU
		{6F44E0A9-59A1-43FE-BA84-46FC4186D188}.Debug|Any CPU.ActiveCfg = Debug|Any CPU
		{6F44E0A9-59A1-43FE-BA84-46FC4186D188}.Debug|Any CPU.Build.0 = Debug|Any CPU
		{6F44E0A9-59A1-43FE-BA84-46FC4186D188}.Release|Any CPU.ActiveCfg = Release|Any CPU
		{6F44E0A9-59A1-43FE-BA84-46FC4186D188}.Release|Any CPU.Build.0 = Release|Any CPU
		{C3DD4C8B-2D2C-4050-BAFF-4398529A5DA1}.Debug|Any CPU.ActiveCfg = Debug|Any CPU
		{C3DD4C8B-2D2C-4050-BAFF-4398529A5DA1}.Debug|Any CPU.Build.0 = Debug|Any CPU
		{C3DD4C8B-2D2C-4050-BAFF-4398529A5DA1}.Release|Any CPU.ActiveCfg = Release|Any CPU
		{C3DD4C8B-2D2C-4050-BAFF-4398529A5DA1}.Release|Any CPU.Build.0 = Release|Any CPU
		{1FBB9B25-1EBB-4B06-A1A0-EA5F3B7F6651}.Debug|Any CPU.ActiveCfg = Debug|Any CPU
		{1FBB9B25-1EBB-4B06-A1A0-EA5F3B7F6651}.Debug|Any CPU.Build.0 = Debug|Any CPU
		{1FBB9B25-1EBB-4B06-A1A0-EA5F3B7F6651}.Release|Any CPU.ActiveCfg = Release|Any CPU
		{1FBB9B25-1EBB-4B06-A1A0-EA5F3B7F6651}.Release|Any CPU.Build.0 = Release|Any CPU
	EndGlobalSection
	GlobalSection(SolutionProperties) = preSolution
		HideSolutionNode = FALSE
	EndGlobalSection
	GlobalSection(NestedProjects) = preSolution
		{DA4646D4-CB8F-4ADB-8A3A-CC0D304EFD38} = {7D53EB9D-8768-4F6B-9844-9312040D6EE7}
		{7D53EB9D-8768-4F6B-9844-9312040D6EE7} = {BE172680-C4A3-4B29-B0CA-1B2D26E55BD4}
		{19BC7870-CFAB-4159-949F-F01F512CD7B8} = {7D53EB9D-8768-4F6B-9844-9312040D6EE7}
		{2B229E7A-F424-42ED-9936-801563F735BA} = {7D53EB9D-8768-4F6B-9844-9312040D6EE7}
		{109F1603-35F7-4FBF-98CE-5E9902FF5C2C} = {7D53EB9D-8768-4F6B-9844-9312040D6EE7}
		{83B469D6-4A7A-4127-8233-C90B112D5DA3} = {7D53EB9D-8768-4F6B-9844-9312040D6EE7}
		{90D9FEBC-6400-45D5-93AE-AEC516FBA10C} = {7D53EB9D-8768-4F6B-9844-9312040D6EE7}
		{E92F344D-FA2E-42E9-8022-79B7531CC78E} = {7D53EB9D-8768-4F6B-9844-9312040D6EE7}
		{22ED02AA-FCE7-4C60-BB9C-2E11C0BCD447} = {7D53EB9D-8768-4F6B-9844-9312040D6EE7}
		{DA67B2E0-2E58-4840-A332-9044F6D9036E} = {7D53EB9D-8768-4F6B-9844-9312040D6EE7}
		{DA845084-F7FF-4B93-A9D7-D312E34B938C} = {7D53EB9D-8768-4F6B-9844-9312040D6EE7}
		{150EBFC9-7546-47B6-A204-797EA5AB73A7} = {BE172680-C4A3-4B29-B0CA-1B2D26E55BD4}
		{04B7872A-D34A-4711-BAD9-585797FC82E8} = {150EBFC9-7546-47B6-A204-797EA5AB73A7}
		{06262906-EF53-4622-91F7-702ED7B074D8} = {150EBFC9-7546-47B6-A204-797EA5AB73A7}
		{6CD45E8F-87AE-4223-86AA-8D930BA1E8E8} = {150EBFC9-7546-47B6-A204-797EA5AB73A7}
		{6CEECFC6-160E-4351-BDC3-F87DD4981324} = {150EBFC9-7546-47B6-A204-797EA5AB73A7}
		{316AD229-6F3D-4BDD-8F96-BF28267F274D} = {150EBFC9-7546-47B6-A204-797EA5AB73A7}
		{E8F3BD83-BD16-4AEA-9C7D-F6F1FE60C195} = {150EBFC9-7546-47B6-A204-797EA5AB73A7}
		{92BABE7A-2F08-4A9B-A99E-3F87AA3C52BA} = {150EBFC9-7546-47B6-A204-797EA5AB73A7}
		{1554308A-89AB-4DF5-AF52-8DE1D260F293} = {150EBFC9-7546-47B6-A204-797EA5AB73A7}
		{1774A3BD-42BE-4D93-9EEA-A7CBDB559D6F} = {150EBFC9-7546-47B6-A204-797EA5AB73A7}
		{7CAF424A-8223-47C0-B836-28391B343949} = {150EBFC9-7546-47B6-A204-797EA5AB73A7}
		{2B8554BE-D915-4978-8417-FC0751A2C1F4} = {BE172680-C4A3-4B29-B0CA-1B2D26E55BD4}
		{763024AC-E756-4BDA-9E81-7BBB3489102C} = {2B8554BE-D915-4978-8417-FC0751A2C1F4}
		{8C7D9C14-EDCB-4E5E-AFA4-D91AB289E508} = {2B8554BE-D915-4978-8417-FC0751A2C1F4}
		{FA24B791-90A5-473C-92B7-2358862AA483} = {2B8554BE-D915-4978-8417-FC0751A2C1F4}
		{D9E9CF20-A054-4780-9488-2AB318E20030} = {2B8554BE-D915-4978-8417-FC0751A2C1F4}
		{883AFD6A-CD4E-4941-A126-B453BEC2B7D4} = {2B8554BE-D915-4978-8417-FC0751A2C1F4}
		{AAF69907-BAA8-4CF0-B30F-84D2D6383CE6} = {2B8554BE-D915-4978-8417-FC0751A2C1F4}
		{0D57D8B2-3390-4984-91C7-9B0458E98CB9} = {2B8554BE-D915-4978-8417-FC0751A2C1F4}
		{646614C4-BFFE-4B8E-BCF4-CC2AFA8149CD} = {2B8554BE-D915-4978-8417-FC0751A2C1F4}
		{5DE3CD66-8EC9-4ED7-AF40-B8FD89565198} = {2B8554BE-D915-4978-8417-FC0751A2C1F4}
		{AC548E8C-D108-4D23-8B27-7A9B94F749FB} = {2B8554BE-D915-4978-8417-FC0751A2C1F4}
		{783D2871-F9E9-4166-B524-FA085712FE10} = {BE172680-C4A3-4B29-B0CA-1B2D26E55BD4}
		{E513FAA0-50A3-4075-8530-7C718187E9BE} = {783D2871-F9E9-4166-B524-FA085712FE10}
		{566F071A-3EF4-4411-BD11-CDD0BBC1616D} = {BE172680-C4A3-4B29-B0CA-1B2D26E55BD4}
		{677E954B-DC13-4497-95CE-F977C8A547F3} = {566F071A-3EF4-4411-BD11-CDD0BBC1616D}
		{6E351D04-6B90-4E03-9D8B-46F544FB5D67} = {783D2871-F9E9-4166-B524-FA085712FE10}
		{6F44E0A9-59A1-43FE-BA84-46FC4186D188} = {566F071A-3EF4-4411-BD11-CDD0BBC1616D}
		{C3DD4C8B-2D2C-4050-BAFF-4398529A5DA1} = {566F071A-3EF4-4411-BD11-CDD0BBC1616D}
		{1FBB9B25-1EBB-4B06-A1A0-EA5F3B7F6651} = {783D2871-F9E9-4166-B524-FA085712FE10}
	EndGlobalSection
	GlobalSection(ExtensibilityGlobals) = postSolution
		SolutionGuid = {DA9D8663-29AE-48FC-A0CC-B5A10C2419D2}
	EndGlobalSection
EndGlobal
