
Microsoft Visual Studio Solution File, Format Version 12.00
# Visual Studio Version 16
VisualStudioVersion = 16.0.29123.88
MinimumVisualStudioVersion = 10.0.40219.1
Project("{9A19103F-16F7-4668-BE54-9A1E7A4F7556}") = "CommonProblems", "CommonProblems\CommonProblems.csproj", "{7ADB0492-163C-4480-9482-E70B8AD30CC0}"
EndProject
Project("{2150E333-8FDC-42A3-9474-1A3956D46DE8}") = "1-100", "1-100", "{BE172680-C4A3-4B29-B0CA-1B2D26E55BD4}"
EndProject
Project("{2150E333-8FDC-42A3-9474-1A3956D46DE8}") = "21-30", "21-30", "{2B8554BE-D915-4978-8417-FC0751A2C1F4}"
EndProject
Project("{2150E333-8FDC-42A3-9474-1A3956D46DE8}") = "31-40", "31-40", "{783D2871-F9E9-4166-B524-FA085712FE10}"
EndProject
Project("{9A19103F-16F7-4668-BE54-9A1E7A4F7556}") = "Problem031", "1-100\31-40\Problem031\Problem031.csproj", "{E513FAA0-50A3-4075-8530-7C718187E9BE}"
EndProject
Project("{2150E333-8FDC-42A3-9474-1A3956D46DE8}") = "41-50", "41-50", "{566F071A-3EF4-4411-BD11-CDD0BBC1616D}"
EndProject
Project("{9A19103F-16F7-4668-BE54-9A1E7A4F7556}") = "Problem048", "1-100\41-50\Problem048\Problem048.csproj", "{677E954B-DC13-4497-95CE-F977C8A547F3}"
EndProject
Project("{9A19103F-16F7-4668-BE54-9A1E7A4F7556}") = "Problem035", "1-100\31-40\Problem035\Problem035.csproj", "{6E351D04-6B90-4E03-9D8B-46F544FB5D67}"
EndProject
Project("{9A19103F-16F7-4668-BE54-9A1E7A4F7556}") = "Problem050", "1-100\41-50\Problem050\Problem050.csproj", "{6F44E0A9-59A1-43FE-BA84-46FC4186D188}"
EndProject
Project("{9A19103F-16F7-4668-BE54-9A1E7A4F7556}") = "Problem049", "1-100\41-50\Problem049\Problem049.csproj", "{C3DD4C8B-2D2C-4050-BAFF-4398529A5DA1}"
EndProject
Project("{9A19103F-16F7-4668-BE54-9A1E7A4F7556}") = "Problem034", "1-100\31-40\Problem034\Problem034.csproj", "{1FBB9B25-1EBB-4B06-A1A0-EA5F3B7F6651}"
EndProject
Project("{9A19103F-16F7-4668-BE54-9A1E7A4F7556}") = "Problem032", "1-100\31-40\Problem032\Problem032.csproj", "{F76C377F-CA9A-49BA-96AA-4C598109DD30}"
EndProject
Project("{9A19103F-16F7-4668-BE54-9A1E7A4F7556}") = "Problem041", "1-100\41-50\Problem041\Problem041.csproj", "{63A1F95B-0565-47F2-98B9-41DDF5833FC5}"
EndProject
Project("{9A19103F-16F7-4668-BE54-9A1E7A4F7556}") = "Problem036", "1-100\31-40\Problem036\Problem036.csproj", "{07311AA2-EC38-48A2-AF5D-0BA996447CE1}"
EndProject
Project("{9A19103F-16F7-4668-BE54-9A1E7A4F7556}") = "Problem037", "1-100\31-40\Problem037\Problem037.csproj", "{99C3A472-2594-4DB8-9BEC-CCE5A42BABCE}"
EndProject
Project("{9A19103F-16F7-4668-BE54-9A1E7A4F7556}") = "Problem043", "1-100\41-50\Problem043\Problem043.csproj", "{7EC97E4D-689D-4841-9454-22AF9E839890}"
EndProject
Project("{9A19103F-16F7-4668-BE54-9A1E7A4F7556}") = "ProjectEuler", "ProjectEuler\ProjectEuler.csproj", "{129A0908-5711-4571-B198-A7B9B38AF566}"
EndProject
Project("{9A19103F-16F7-4668-BE54-9A1E7A4F7556}") = "ProjectEuler.Tests", "ProjectEuler.Tests\ProjectEuler.Tests.csproj", "{44880791-C790-4F9A-B7BD-546A7D6F0451}"
EndProject
Global
	GlobalSection(SolutionConfigurationPlatforms) = preSolution
		Debug|Any CPU = Debug|Any CPU
		Release|Any CPU = Release|Any CPU
	EndGlobalSection
	GlobalSection(ProjectConfigurationPlatforms) = postSolution
		{7ADB0492-163C-4480-9482-E70B8AD30CC0}.Debug|Any CPU.ActiveCfg = Debug|Any CPU
		{7ADB0492-163C-4480-9482-E70B8AD30CC0}.Debug|Any CPU.Build.0 = Debug|Any CPU
		{7ADB0492-163C-4480-9482-E70B8AD30CC0}.Release|Any CPU.ActiveCfg = Release|Any CPU
		{7ADB0492-163C-4480-9482-E70B8AD30CC0}.Release|Any CPU.Build.0 = Release|Any CPU
		{E513FAA0-50A3-4075-8530-7C718187E9BE}.Debug|Any CPU.ActiveCfg = Debug|Any CPU
		{E513FAA0-50A3-4075-8530-7C718187E9BE}.Debug|Any CPU.Build.0 = Debug|Any CPU
		{E513FAA0-50A3-4075-8530-7C718187E9BE}.Release|Any CPU.ActiveCfg = Release|Any CPU
		{E513FAA0-50A3-4075-8530-7C718187E9BE}.Release|Any CPU.Build.0 = Release|Any CPU
		{677E954B-DC13-4497-95CE-F977C8A547F3}.Debug|Any CPU.ActiveCfg = Debug|Any CPU
		{677E954B-DC13-4497-95CE-F977C8A547F3}.Debug|Any CPU.Build.0 = Debug|Any CPU
		{677E954B-DC13-4497-95CE-F977C8A547F3}.Release|Any CPU.ActiveCfg = Release|Any CPU
		{677E954B-DC13-4497-95CE-F977C8A547F3}.Release|Any CPU.Build.0 = Release|Any CPU
		{6E351D04-6B90-4E03-9D8B-46F544FB5D67}.Debug|Any CPU.ActiveCfg = Debug|Any CPU
		{6E351D04-6B90-4E03-9D8B-46F544FB5D67}.Debug|Any CPU.Build.0 = Debug|Any CPU
		{6E351D04-6B90-4E03-9D8B-46F544FB5D67}.Release|Any CPU.ActiveCfg = Release|Any CPU
		{6E351D04-6B90-4E03-9D8B-46F544FB5D67}.Release|Any CPU.Build.0 = Release|Any CPU
		{6F44E0A9-59A1-43FE-BA84-46FC4186D188}.Debug|Any CPU.ActiveCfg = Debug|Any CPU
		{6F44E0A9-59A1-43FE-BA84-46FC4186D188}.Debug|Any CPU.Build.0 = Debug|Any CPU
		{6F44E0A9-59A1-43FE-BA84-46FC4186D188}.Release|Any CPU.ActiveCfg = Release|Any CPU
		{6F44E0A9-59A1-43FE-BA84-46FC4186D188}.Release|Any CPU.Build.0 = Release|Any CPU
		{C3DD4C8B-2D2C-4050-BAFF-4398529A5DA1}.Debug|Any CPU.ActiveCfg = Debug|Any CPU
		{C3DD4C8B-2D2C-4050-BAFF-4398529A5DA1}.Debug|Any CPU.Build.0 = Debug|Any CPU
		{C3DD4C8B-2D2C-4050-BAFF-4398529A5DA1}.Release|Any CPU.ActiveCfg = Release|Any CPU
		{C3DD4C8B-2D2C-4050-BAFF-4398529A5DA1}.Release|Any CPU.Build.0 = Release|Any CPU
		{1FBB9B25-1EBB-4B06-A1A0-EA5F3B7F6651}.Debug|Any CPU.ActiveCfg = Debug|Any CPU
		{1FBB9B25-1EBB-4B06-A1A0-EA5F3B7F6651}.Debug|Any CPU.Build.0 = Debug|Any CPU
		{1FBB9B25-1EBB-4B06-A1A0-EA5F3B7F6651}.Release|Any CPU.ActiveCfg = Release|Any CPU
		{1FBB9B25-1EBB-4B06-A1A0-EA5F3B7F6651}.Release|Any CPU.Build.0 = Release|Any CPU
		{F76C377F-CA9A-49BA-96AA-4C598109DD30}.Debug|Any CPU.ActiveCfg = Debug|Any CPU
		{F76C377F-CA9A-49BA-96AA-4C598109DD30}.Debug|Any CPU.Build.0 = Debug|Any CPU
		{F76C377F-CA9A-49BA-96AA-4C598109DD30}.Release|Any CPU.ActiveCfg = Release|Any CPU
		{F76C377F-CA9A-49BA-96AA-4C598109DD30}.Release|Any CPU.Build.0 = Release|Any CPU
		{63A1F95B-0565-47F2-98B9-41DDF5833FC5}.Debug|Any CPU.ActiveCfg = Debug|Any CPU
		{63A1F95B-0565-47F2-98B9-41DDF5833FC5}.Debug|Any CPU.Build.0 = Debug|Any CPU
		{63A1F95B-0565-47F2-98B9-41DDF5833FC5}.Release|Any CPU.ActiveCfg = Release|Any CPU
		{63A1F95B-0565-47F2-98B9-41DDF5833FC5}.Release|Any CPU.Build.0 = Release|Any CPU
		{07311AA2-EC38-48A2-AF5D-0BA996447CE1}.Debug|Any CPU.ActiveCfg = Debug|Any CPU
		{07311AA2-EC38-48A2-AF5D-0BA996447CE1}.Debug|Any CPU.Build.0 = Debug|Any CPU
		{07311AA2-EC38-48A2-AF5D-0BA996447CE1}.Release|Any CPU.ActiveCfg = Release|Any CPU
		{07311AA2-EC38-48A2-AF5D-0BA996447CE1}.Release|Any CPU.Build.0 = Release|Any CPU
		{99C3A472-2594-4DB8-9BEC-CCE5A42BABCE}.Debug|Any CPU.ActiveCfg = Debug|Any CPU
		{99C3A472-2594-4DB8-9BEC-CCE5A42BABCE}.Debug|Any CPU.Build.0 = Debug|Any CPU
		{99C3A472-2594-4DB8-9BEC-CCE5A42BABCE}.Release|Any CPU.ActiveCfg = Release|Any CPU
		{99C3A472-2594-4DB8-9BEC-CCE5A42BABCE}.Release|Any CPU.Build.0 = Release|Any CPU
		{7EC97E4D-689D-4841-9454-22AF9E839890}.Debug|Any CPU.ActiveCfg = Debug|Any CPU
		{7EC97E4D-689D-4841-9454-22AF9E839890}.Debug|Any CPU.Build.0 = Debug|Any CPU
		{7EC97E4D-689D-4841-9454-22AF9E839890}.Release|Any CPU.ActiveCfg = Release|Any CPU
		{7EC97E4D-689D-4841-9454-22AF9E839890}.Release|Any CPU.Build.0 = Release|Any CPU
		{129A0908-5711-4571-B198-A7B9B38AF566}.Debug|Any CPU.ActiveCfg = Debug|Any CPU
		{129A0908-5711-4571-B198-A7B9B38AF566}.Debug|Any CPU.Build.0 = Debug|Any CPU
		{129A0908-5711-4571-B198-A7B9B38AF566}.Release|Any CPU.ActiveCfg = Release|Any CPU
		{129A0908-5711-4571-B198-A7B9B38AF566}.Release|Any CPU.Build.0 = Release|Any CPU
		{44880791-C790-4F9A-B7BD-546A7D6F0451}.Debug|Any CPU.ActiveCfg = Debug|Any CPU
		{44880791-C790-4F9A-B7BD-546A7D6F0451}.Debug|Any CPU.Build.0 = Debug|Any CPU
		{44880791-C790-4F9A-B7BD-546A7D6F0451}.Release|Any CPU.ActiveCfg = Release|Any CPU
		{44880791-C790-4F9A-B7BD-546A7D6F0451}.Release|Any CPU.Build.0 = Release|Any CPU
	EndGlobalSection
	GlobalSection(SolutionProperties) = preSolution
		HideSolutionNode = FALSE
	EndGlobalSection
	GlobalSection(NestedProjects) = preSolution
		{2B8554BE-D915-4978-8417-FC0751A2C1F4} = {BE172680-C4A3-4B29-B0CA-1B2D26E55BD4}
		{783D2871-F9E9-4166-B524-FA085712FE10} = {BE172680-C4A3-4B29-B0CA-1B2D26E55BD4}
		{E513FAA0-50A3-4075-8530-7C718187E9BE} = {783D2871-F9E9-4166-B524-FA085712FE10}
		{566F071A-3EF4-4411-BD11-CDD0BBC1616D} = {BE172680-C4A3-4B29-B0CA-1B2D26E55BD4}
		{677E954B-DC13-4497-95CE-F977C8A547F3} = {566F071A-3EF4-4411-BD11-CDD0BBC1616D}
		{6E351D04-6B90-4E03-9D8B-46F544FB5D67} = {783D2871-F9E9-4166-B524-FA085712FE10}
		{6F44E0A9-59A1-43FE-BA84-46FC4186D188} = {566F071A-3EF4-4411-BD11-CDD0BBC1616D}
		{C3DD4C8B-2D2C-4050-BAFF-4398529A5DA1} = {566F071A-3EF4-4411-BD11-CDD0BBC1616D}
		{1FBB9B25-1EBB-4B06-A1A0-EA5F3B7F6651} = {783D2871-F9E9-4166-B524-FA085712FE10}
		{F76C377F-CA9A-49BA-96AA-4C598109DD30} = {783D2871-F9E9-4166-B524-FA085712FE10}
		{63A1F95B-0565-47F2-98B9-41DDF5833FC5} = {566F071A-3EF4-4411-BD11-CDD0BBC1616D}
		{07311AA2-EC38-48A2-AF5D-0BA996447CE1} = {783D2871-F9E9-4166-B524-FA085712FE10}
		{99C3A472-2594-4DB8-9BEC-CCE5A42BABCE} = {783D2871-F9E9-4166-B524-FA085712FE10}
		{7EC97E4D-689D-4841-9454-22AF9E839890} = {566F071A-3EF4-4411-BD11-CDD0BBC1616D}
	EndGlobalSection
	GlobalSection(ExtensibilityGlobals) = postSolution
		SolutionGuid = {DA9D8663-29AE-48FC-A0CC-B5A10C2419D2}
	EndGlobalSection
EndGlobal
